// !$*UTF8*$!
{
	archiveVersion = 1;
	classes = {
	};
	objectVersion = 48;
	objects = {

/* Begin PBXBuildFile section */
		A031A10B2019F50C00AC85DF /* AppDelegate.swift in Sources */ = {isa = PBXBuildFile; fileRef = A031A10A2019F50C00AC85DF /* AppDelegate.swift */; };
		A031A1102019F50C00AC85DF /* Main.storyboard in Resources */ = {isa = PBXBuildFile; fileRef = A031A10E2019F50C00AC85DF /* Main.storyboard */; };
		A031A1132019F50C00AC85DF /* VistarPasanger.xcdatamodeld in Sources */ = {isa = PBXBuildFile; fileRef = A031A1112019F50C00AC85DF /* VistarPasanger.xcdatamodeld */; };
		A031A1152019F50C00AC85DF /* Assets.xcassets in Resources */ = {isa = PBXBuildFile; fileRef = A031A1142019F50C00AC85DF /* Assets.xcassets */; };
		A031A1182019F50C00AC85DF /* LaunchScreen.storyboard in Resources */ = {isa = PBXBuildFile; fileRef = A031A1162019F50C00AC85DF /* LaunchScreen.storyboard */; };
		A031A1202019F67800AC85DF /* .gitignore in Resources */ = {isa = PBXBuildFile; fileRef = A031A11F2019F67800AC85DF /* .gitignore */; };
		A031A1222019FB6C00AC85DF /* busStopsTableViewController.swift in Sources */ = {isa = PBXBuildFile; fileRef = A031A1212019FB6C00AC85DF /* busStopsTableViewController.swift */; };
		A062A34520249B4200375A70 /* DetaiBusDecodableStructs.swift in Sources */ = {isa = PBXBuildFile; fileRef = A062A34420249B4200375A70 /* DetaiBusDecodableStructs.swift */; };
		A062A34720249BF000375A70 /* BusStopsDecodableStucts.swift in Sources */ = {isa = PBXBuildFile; fileRef = A062A34620249BF000375A70 /* BusStopsDecodableStucts.swift */; };
		A073194E201B31DC009761CB /* BusStopTableViewCell.swift in Sources */ = {isa = PBXBuildFile; fileRef = A073194D201B31DC009761CB /* BusStopTableViewCell.swift */; };
		A0731950201B4C7F009761CB /* DetailBusViewController.swift in Sources */ = {isa = PBXBuildFile; fileRef = A073194F201B4C7F009761CB /* DetailBusViewController.swift */; };
		A08C2DAF202098F600F12A31 /* busArrivalTableViewCell.swift in Sources */ = {isa = PBXBuildFile; fileRef = A08C2DAE202098F600F12A31 /* busArrivalTableViewCell.swift */; };
		A08C2DB2202313C800F12A31 /* MapKit.framework in Frameworks */ = {isa = PBXBuildFile; fileRef = A08C2DB1202313C800F12A31 /* MapKit.framework */; };
/* End PBXBuildFile section */

/* Begin PBXFileReference section */
		A031A1072019F50C00AC85DF /* VistarPasanger.app */ = {isa = PBXFileReference; explicitFileType = wrapper.application; includeInIndex = 0; path = VistarPasanger.app; sourceTree = BUILT_PRODUCTS_DIR; };
		A031A10A2019F50C00AC85DF /* AppDelegate.swift */ = {isa = PBXFileReference; lastKnownFileType = sourcecode.swift; path = AppDelegate.swift; sourceTree = "<group>"; };
		A031A10F2019F50C00AC85DF /* Base */ = {isa = PBXFileReference; lastKnownFileType = file.storyboard; name = Base; path = Base.lproj/Main.storyboard; sourceTree = "<group>"; };
		A031A1122019F50C00AC85DF /* VistarPasanger.xcdatamodel */ = {isa = PBXFileReference; lastKnownFileType = wrapper.xcdatamodel; path = VistarPasanger.xcdatamodel; sourceTree = "<group>"; };
		A031A1142019F50C00AC85DF /* Assets.xcassets */ = {isa = PBXFileReference; lastKnownFileType = folder.assetcatalog; path = Assets.xcassets; sourceTree = "<group>"; };
		A031A1172019F50C00AC85DF /* Base */ = {isa = PBXFileReference; lastKnownFileType = file.storyboard; name = Base; path = Base.lproj/LaunchScreen.storyboard; sourceTree = "<group>"; };
		A031A1192019F50C00AC85DF /* Info.plist */ = {isa = PBXFileReference; lastKnownFileType = text.plist.xml; path = Info.plist; sourceTree = "<group>"; };
		A031A11F2019F67800AC85DF /* .gitignore */ = {isa = PBXFileReference; fileEncoding = 4; lastKnownFileType = text; path = .gitignore; sourceTree = "<group>"; };
		A031A1212019FB6C00AC85DF /* busStopsTableViewController.swift */ = {isa = PBXFileReference; lastKnownFileType = sourcecode.swift; path = busStopsTableViewController.swift; sourceTree = "<group>"; };
		A062A34420249B4200375A70 /* DetaiBusDecodableStructs.swift */ = {isa = PBXFileReference; lastKnownFileType = sourcecode.swift; path = DetaiBusDecodableStructs.swift; sourceTree = "<group>"; };
		A062A34620249BF000375A70 /* BusStopsDecodableStucts.swift */ = {isa = PBXFileReference; lastKnownFileType = sourcecode.swift; path = BusStopsDecodableStucts.swift; sourceTree = "<group>"; };
		A073194D201B31DC009761CB /* BusStopTableViewCell.swift */ = {isa = PBXFileReference; lastKnownFileType = sourcecode.swift; path = BusStopTableViewCell.swift; sourceTree = "<group>"; };
		A073194F201B4C7F009761CB /* DetailBusViewController.swift */ = {isa = PBXFileReference; lastKnownFileType = sourcecode.swift; path = DetailBusViewController.swift; sourceTree = "<group>"; };
		A08C2DAE202098F600F12A31 /* busArrivalTableViewCell.swift */ = {isa = PBXFileReference; lastKnownFileType = sourcecode.swift; path = busArrivalTableViewCell.swift; sourceTree = "<group>"; };
		A08C2DB1202313C800F12A31 /* MapKit.framework */ = {isa = PBXFileReference; lastKnownFileType = wrapper.framework; name = MapKit.framework; path = System/Library/Frameworks/MapKit.framework; sourceTree = SDKROOT; };
/* End PBXFileReference section */

/* Begin PBXFrameworksBuildPhase section */
		A031A1042019F50C00AC85DF /* Frameworks */ = {
			isa = PBXFrameworksBuildPhase;
			buildActionMask = 2147483647;
			files = (
				A08C2DB2202313C800F12A31 /* MapKit.framework in Frameworks */,
			);
			runOnlyForDeploymentPostprocessing = 0;
		};
/* End PBXFrameworksBuildPhase section */

/* Begin PBXGroup section */
		A031A0FE2019F50C00AC85DF = {
			isa = PBXGroup;
			children = (
				A031A1092019F50C00AC85DF /* VistarPasanger */,
				A031A1082019F50C00AC85DF /* Products */,
				A08C2DB0202313C800F12A31 /* Frameworks */,
			);
			sourceTree = "<group>";
		};
		A031A1082019F50C00AC85DF /* Products */ = {
			isa = PBXGroup;
			children = (
				A031A1072019F50C00AC85DF /* VistarPasanger.app */,
			);
			name = Products;
			sourceTree = "<group>";
		};
		A031A1092019F50C00AC85DF /* VistarPasanger */ = {
			isa = PBXGroup;
			children = (
				A031A1212019FB6C00AC85DF /* busStopsTableViewController.swift */,
				A073194F201B4C7F009761CB /* DetailBusViewController.swift */,
				A031A10E2019F50C00AC85DF /* Main.storyboard */,
				A031A10A2019F50C00AC85DF /* AppDelegate.swift */,
				A073194D201B31DC009761CB /* BusStopTableViewCell.swift */,
				A08C2DAE202098F600F12A31 /* busArrivalTableViewCell.swift */,
				A062A34420249B4200375A70 /* DetaiBusDecodableStructs.swift */,
				A062A34620249BF000375A70 /* BusStopsDecodableStucts.swift */,
				A031A1112019F50C00AC85DF /* VistarPasanger.xcdatamodeld */,
				A031A1142019F50C00AC85DF /* Assets.xcassets */,
				A031A1162019F50C00AC85DF /* LaunchScreen.storyboard */,
				A031A1192019F50C00AC85DF /* Info.plist */,
				A031A11F2019F67800AC85DF /* .gitignore */,
			);
			path = VistarPasanger;
			sourceTree = "<group>";
		};
		A08C2DB0202313C800F12A31 /* Frameworks */ = {
			isa = PBXGroup;
			children = (
				A08C2DB1202313C800F12A31 /* MapKit.framework */,
			);
			name = Frameworks;
			sourceTree = "<group>";
		};
/* End PBXGroup section */

/* Begin PBXNativeTarget section */
		A031A1062019F50C00AC85DF /* VistarPasanger */ = {
			isa = PBXNativeTarget;
			buildConfigurationList = A031A11C2019F50C00AC85DF /* Build configuration list for PBXNativeTarget "VistarPasanger" */;
			buildPhases = (
				A031A1032019F50C00AC85DF /* Sources */,
				A031A1042019F50C00AC85DF /* Frameworks */,
				A031A1052019F50C00AC85DF /* Resources */,
			);
			buildRules = (
			);
			dependencies = (
			);
			name = VistarPasanger;
			productName = VistarPasanger;
			productReference = A031A1072019F50C00AC85DF /* VistarPasanger.app */;
			productType = "com.apple.product-type.application";
		};
/* End PBXNativeTarget section */

/* Begin PBXProject section */
		A031A0FF2019F50C00AC85DF /* Project object */ = {
			isa = PBXProject;
			attributes = {
				LastSwiftUpdateCheck = 0920;
				LastUpgradeCheck = 0920;
				ORGANIZATIONNAME = me4air;
				TargetAttributes = {
					A031A1062019F50C00AC85DF = {
						CreatedOnToolsVersion = 9.2;
						ProvisioningStyle = Automatic;
						SystemCapabilities = {
							com.apple.Maps.iOS = {
								enabled = 1;
							};
						};
					};
				};
			};
			buildConfigurationList = A031A1022019F50C00AC85DF /* Build configuration list for PBXProject "VistarPasanger" */;
			compatibilityVersion = "Xcode 8.0";
			developmentRegion = en;
			hasScannedForEncodings = 0;
			knownRegions = (
				en,
				Base,
			);
			mainGroup = A031A0FE2019F50C00AC85DF;
			productRefGroup = A031A1082019F50C00AC85DF /* Products */;
			projectDirPath = "";
			projectRoot = "";
			targets = (
				A031A1062019F50C00AC85DF /* VistarPasanger */,
			);
		};
/* End PBXProject section */

/* Begin PBXResourcesBuildPhase section */
		A031A1052019F50C00AC85DF /* Resources */ = {
			isa = PBXResourcesBuildPhase;
			buildActionMask = 2147483647;
			files = (
				A031A1202019F67800AC85DF /* .gitignore in Resources */,
				A031A1182019F50C00AC85DF /* LaunchScreen.storyboard in Resources */,
				A031A1152019F50C00AC85DF /* Assets.xcassets in Resources */,
				A031A1102019F50C00AC85DF /* Main.storyboard in Resources */,
			);
			runOnlyForDeploymentPostprocessing = 0;
		};
/* End PBXResourcesBuildPhase section */

/* Begin PBXSourcesBuildPhase section */
		A031A1032019F50C00AC85DF /* Sources */ = {
			isa = PBXSourcesBuildPhase;
			buildActionMask = 2147483647;
			files = (
				A062A34520249B4200375A70 /* DetaiBusDecodableStructs.swift in Sources */,
				A073194E201B31DC009761CB /* BusStopTableViewCell.swift in Sources */,
				A0731950201B4C7F009761CB /* DetailBusViewController.swift in Sources */,
				A031A1132019F50C00AC85DF /* VistarPasanger.xcdatamodeld in Sources */,
				A062A34720249BF000375A70 /* BusStopsDecodableStucts.swift in Sources */,
				A031A10B2019F50C00AC85DF /* AppDelegate.swift in Sources */,
				A08C2DAF202098F600F12A31 /* busArrivalTableViewCell.swift in Sources */,
				A031A1222019FB6C00AC85DF /* busStopsTableViewController.swift in Sources */,
			);
			runOnlyForDeploymentPostprocessing = 0;
		};
/* End PBXSourcesBuildPhase section */

/* Begin PBXVariantGroup section */
		A031A10E2019F50C00AC85DF /* Main.storyboard */ = {
			isa = PBXVariantGroup;
			children = (
				A031A10F2019F50C00AC85DF /* Base */,
			);
			name = Main.storyboard;
			sourceTree = "<group>";
		};
		A031A1162019F50C00AC85DF /* LaunchScreen.storyboard */ = {
			isa = PBXVariantGroup;
			children = (
				A031A1172019F50C00AC85DF /* Base */,
			);
			name = LaunchScreen.storyboard;
			sourceTree = "<group>";
		};
/* End PBXVariantGroup section */

/* Begin XCBuildConfiguration section */
		A031A11A2019F50C00AC85DF /* Debug */ = {
			isa = XCBuildConfiguration;
			buildSettings = {
				ALWAYS_SEARCH_USER_PATHS = NO;
				CLANG_ANALYZER_NONNULL = YES;
				CLANG_ANALYZER_NUMBER_OBJECT_CONVERSION = YES_AGGRESSIVE;
				CLANG_CXX_LANGUAGE_STANDARD = "gnu++14";
				CLANG_CXX_LIBRARY = "libc++";
				CLANG_ENABLE_MODULES = YES;
				CLANG_ENABLE_OBJC_ARC = YES;
				CLANG_WARN_BLOCK_CAPTURE_AUTORELEASING = YES;
				CLANG_WARN_BOOL_CONVERSION = YES;
				CLANG_WARN_COMMA = YES;
				CLANG_WARN_CONSTANT_CONVERSION = YES;
				CLANG_WARN_DIRECT_OBJC_ISA_USAGE = YES_ERROR;
				CLANG_WARN_DOCUMENTATION_COMMENTS = YES;
				CLANG_WARN_EMPTY_BODY = YES;
				CLANG_WARN_ENUM_CONVERSION = YES;
				CLANG_WARN_INFINITE_RECURSION = YES;
				CLANG_WARN_INT_CONVERSION = YES;
				CLANG_WARN_NON_LITERAL_NULL_CONVERSION = YES;
				CLANG_WARN_OBJC_LITERAL_CONVERSION = YES;
				CLANG_WARN_OBJC_ROOT_CLASS = YES_ERROR;
				CLANG_WARN_RANGE_LOOP_ANALYSIS = YES;
				CLANG_WARN_STRICT_PROTOTYPES = YES;
				CLANG_WARN_SUSPICIOUS_MOVE = YES;
				CLANG_WARN_UNGUARDED_AVAILABILITY = YES_AGGRESSIVE;
				CLANG_WARN_UNREACHABLE_CODE = YES;
				CLANG_WARN__DUPLICATE_METHOD_MATCH = YES;
				CODE_SIGN_IDENTITY = "iPhone Developer";
				COPY_PHASE_STRIP = NO;
				DEBUG_INFORMATION_FORMAT = dwarf;
				ENABLE_STRICT_OBJC_MSGSEND = YES;
				ENABLE_TESTABILITY = YES;
				GCC_C_LANGUAGE_STANDARD = gnu11;
				GCC_DYNAMIC_NO_PIC = NO;
				GCC_NO_COMMON_BLOCKS = YES;
				GCC_OPTIMIZATION_LEVEL = 0;
				GCC_PREPROCESSOR_DEFINITIONS = (
					"DEBUG=1",
					"$(inherited)",
				);
				GCC_WARN_64_TO_32_BIT_CONVERSION = YES;
				GCC_WARN_ABOUT_RETURN_TYPE = YES_ERROR;
				GCC_WARN_UNDECLARED_SELECTOR = YES;
				GCC_WARN_UNINITIALIZED_AUTOS = YES_AGGRESSIVE;
				GCC_WARN_UNUSED_FUNCTION = YES;
				GCC_WARN_UNUSED_VARIABLE = YES;
				IPHONEOS_DEPLOYMENT_TARGET = 11.2;
				MTL_ENABLE_DEBUG_INFO = YES;
				ONLY_ACTIVE_ARCH = YES;
				SDKROOT = iphoneos;
				SWIFT_ACTIVE_COMPILATION_CONDITIONS = DEBUG;
				SWIFT_OPTIMIZATION_LEVEL = "-Onone";
			};
			name = Debug;
		};
		A031A11B2019F50C00AC85DF /* Release */ = {
			isa = XCBuildConfiguration;
			buildSettings = {
				ALWAYS_SEARCH_USER_PATHS = NO;
				CLANG_ANALYZER_NONNULL = YES;
				CLANG_ANALYZER_NUMBER_OBJECT_CONVERSION = YES_AGGRESSIVE;
				CLANG_CXX_LANGUAGE_STANDARD = "gnu++14";
				CLANG_CXX_LIBRARY = "libc++";
				CLANG_ENABLE_MODULES = YES;
				CLANG_ENABLE_OBJC_ARC = YES;
				CLANG_WARN_BLOCK_CAPTURE_AUTORELEASING = YES;
				CLANG_WARN_BOOL_CONVERSION = YES;
				CLANG_WARN_COMMA = YES;
				CLANG_WARN_CONSTANT_CONVERSION = YES;
				CLANG_WARN_DIRECT_OBJC_ISA_USAGE = YES_ERROR;
				CLANG_WARN_DOCUMENTATION_COMMENTS = YES;
				CLANG_WARN_EMPTY_BODY = YES;
				CLANG_WARN_ENUM_CONVERSION = YES;
				CLANG_WARN_INFINITE_RECURSION = YES;
				CLANG_WARN_INT_CONVERSION = YES;
				CLANG_WARN_NON_LITERAL_NULL_CONVERSION = YES;
				CLANG_WARN_OBJC_LITERAL_CONVERSION = YES;
				CLANG_WARN_OBJC_ROOT_CLASS = YES_ERROR;
				CLANG_WARN_RANGE_LOOP_ANALYSIS = YES;
				CLANG_WARN_STRICT_PROTOTYPES = YES;
				CLANG_WARN_SUSPICIOUS_MOVE = YES;
				CLANG_WARN_UNGUARDED_AVAILABILITY = YES_AGGRESSIVE;
				CLANG_WARN_UNREACHABLE_CODE = YES;
				CLANG_WARN__DUPLICATE_METHOD_MATCH = YES;
				CODE_SIGN_IDENTITY = "iPhone Developer";
				COPY_PHASE_STRIP = NO;
				DEBUG_INFORMATION_FORMAT = "dwarf-with-dsym";
				ENABLE_NS_ASSERTIONS = NO;
				ENABLE_STRICT_OBJC_MSGSEND = YES;
				GCC_C_LANGUAGE_STANDARD = gnu11;
				GCC_NO_COMMON_BLOCKS = YES;
				GCC_WARN_64_TO_32_BIT_CONVERSION = YES;
				GCC_WARN_ABOUT_RETURN_TYPE = YES_ERROR;
				GCC_WARN_UNDECLARED_SELECTOR = YES;
				GCC_WARN_UNINITIALIZED_AUTOS = YES_AGGRESSIVE;
				GCC_WARN_UNUSED_FUNCTION = YES;
				GCC_WARN_UNUSED_VARIABLE = YES;
				IPHONEOS_DEPLOYMENT_TARGET = 11.2;
				MTL_ENABLE_DEBUG_INFO = NO;
				SDKROOT = iphoneos;
				SWIFT_OPTIMIZATION_LEVEL = "-Owholemodule";
				VALIDATE_PRODUCT = YES;
			};
			name = Release;
		};
		A031A11D2019F50C00AC85DF /* Debug */ = {
			isa = XCBuildConfiguration;
			buildSettings = {
				ASSETCATALOG_COMPILER_APPICON_NAME = AppIcon;
				CODE_SIGN_STYLE = Automatic;
				DEVELOPMENT_TEAM = N92YQJ4YN3;
				INFOPLIST_FILE = VistarPasanger/Info.plist;
				IPHONEOS_DEPLOYMENT_TARGET = 11.0;
				LD_RUNPATH_SEARCH_PATHS = "$(inherited) @executable_path/Frameworks";
				PRODUCT_BUNDLE_IDENTIFIER = com.me4air.VistarPasanger;
				PRODUCT_NAME = "$(TARGET_NAME)";
				SWIFT_VERSION = 4.0;
				TARGETED_DEVICE_FAMILY = 1;
			};
			name = Debug;
		};
		A031A11E2019F50C00AC85DF /* Release */ = {
			isa = XCBuildConfiguration;
			buildSettings = {
				ASSETCATALOG_COMPILER_APPICON_NAME = AppIcon;
				CODE_SIGN_STYLE = Automatic;
				DEVELOPMENT_TEAM = N92YQJ4YN3;
				INFOPLIST_FILE = VistarPasanger/Info.plist;
				IPHONEOS_DEPLOYMENT_TARGET = 11.0;
				LD_RUNPATH_SEARCH_PATHS = "$(inherited) @executable_path/Frameworks";
				PRODUCT_BUNDLE_IDENTIFIER = com.me4air.VistarPasanger;
				PRODUCT_NAME = "$(TARGET_NAME)";
				SWIFT_VERSION = 4.0;
				TARGETED_DEVICE_FAMILY = 1;
			};
			name = Release;
		};
/* End XCBuildConfiguration section */

/* Begin XCConfigurationList section */
		A031A1022019F50C00AC85DF /* Build configuration list for PBXProject "VistarPasanger" */ = {
			isa = XCConfigurationList;
			buildConfigurations = (
				A031A11A2019F50C00AC85DF /* Debug */,
				A031A11B2019F50C00AC85DF /* Release */,
			);
			defaultConfigurationIsVisible = 0;
			defaultConfigurationName = Release;
		};
		A031A11C2019F50C00AC85DF /* Build configuration list for PBXNativeTarget "VistarPasanger" */ = {
			isa = XCConfigurationList;
			buildConfigurations = (
				A031A11D2019F50C00AC85DF /* Debug */,
				A031A11E2019F50C00AC85DF /* Release */,
			);
			defaultConfigurationIsVisible = 0;
			defaultConfigurationName = Release;
		};
/* End XCConfigurationList section */

/* Begin XCVersionGroup section */
		A031A1112019F50C00AC85DF /* VistarPasanger.xcdatamodeld */ = {
			isa = XCVersionGroup;
			children = (
				A031A1122019F50C00AC85DF /* VistarPasanger.xcdatamodel */,
			);
			currentVersion = A031A1122019F50C00AC85DF /* VistarPasanger.xcdatamodel */;
			path = VistarPasanger.xcdatamodeld;
			sourceTree = "<group>";
			versionGroupType = wrapper.xcdatamodel;
		};
/* End XCVersionGroup section */
	};
	rootObject = A031A0FF2019F50C00AC85DF /* Project object */;
}
